
Microsoft Visual Studio Solution File, Format Version 12.00
# Visual Studio Version 16
VisualStudioVersion = 25.0.1705.2
MinimumVisualStudioVersion = 10.0.40219.1
Project("{FAE04EC0-301F-11D3-BF4B-00C04F79EFBC}") = "Rock_Paper_Scissors", "Rock_Paper_Scissors\Rock_Paper_Scissors.csproj", "{0E135367-4DAD-4E11-8343-81705BBF07A3}"
EndProject
Global
	GlobalSection(SolutionConfigurationPlatforms) = preSolution
		Debug|Any CPU = Debug|Any CPU
		Release|Any CPU = Release|Any CPU
	EndGlobalSection
	GlobalSection(ProjectConfigurationPlatforms) = postSolution
		{0E135367-4DAD-4E11-8343-81705BBF07A3}.Debug|Any CPU.ActiveCfg = Debug|Any CPU
		{0E135367-4DAD-4E11-8343-81705BBF07A3}.Debug|Any CPU.Build.0 = Debug|Any CPU
		{0E135367-4DAD-4E11-8343-81705BBF07A3}.Release|Any CPU.ActiveCfg = Release|Any CPU
		{0E135367-4DAD-4E11-8343-81705BBF07A3}.Release|Any CPU.Build.0 = Release|Any CPU
	EndGlobalSection
	GlobalSection(SolutionProperties) = preSolution
		HideSolutionNode = FALSE
	EndGlobalSection
	GlobalSection(ExtensibilityGlobals) = postSolution
		SolutionGuid = {E2247FAC-381F-4E75-85E5-BAB22B7566BB}
	EndGlobalSection
EndGlobal
